
Microsoft Visual Studio Solution File, Format Version 12.00
# Visual Studio 15
VisualStudioVersion = 15.0.27130.2036
MinimumVisualStudioVersion = 10.0.40219.1
Project("{8BC9CEB8-8B4A-11D0-8D11-00A0C91BC942}") = "Bootstrap", "bootstrap\Bootstrap.vcxproj", "{AF59BB0B-E059-4773-83DC-728A949647DA}"
EndProject
Project("{8BC9CEB8-8B4A-11D0-8D11-00A0C91BC942}") = "Client", "AIENetworking - Bootstrap Projects\Client\Client.vcxproj", "{7B89CCD3-3C7E-4BC0-975C-2D558EEC3AD4}"
	ProjectSection(ProjectDependencies) = postProject
		{AF59BB0B-E059-4773-83DC-728A949647DA} = {AF59BB0B-E059-4773-83DC-728A949647DA}
	EndProjectSection
EndProject
Project("{8BC9CEB8-8B4A-11D0-8D11-00A0C91BC942}") = "Server", "AIENetworking - Bootstrap Projects\Server\Server.vcxproj", "{7D0549B9-95F3-4D0C-AAE0-87071A6D5C3E}"
EndProject
Project("{8BC9CEB8-8B4A-11D0-8D11-00A0C91BC942}") = "ServerLib", "Libs\ServerLib\ServerLib.vcxproj", "{FD152ADA-769B-4175-A6E4-92F35859F104}"
EndProject
Project("{8BC9CEB8-8B4A-11D0-8D11-00A0C91BC942}") = "ClientLib", "Libs\ClientLib\ClientLib\ClientLib.vcxproj", "{910F3B76-F31B-4993-A301-74E437BA075C}"
EndProject
Global
	GlobalSection(SolutionConfigurationPlatforms) = preSolution
		Debug|x64 = Debug|x64
		Debug|x86 = Debug|x86
		Release|x64 = Release|x64
		Release|x86 = Release|x86
	EndGlobalSection
	GlobalSection(ProjectConfigurationPlatforms) = postSolution
		{AF59BB0B-E059-4773-83DC-728A949647DA}.Debug|x64.ActiveCfg = Debug|x64
		{AF59BB0B-E059-4773-83DC-728A949647DA}.Debug|x64.Build.0 = Debug|x64
		{AF59BB0B-E059-4773-83DC-728A949647DA}.Debug|x86.ActiveCfg = Debug|Win32
		{AF59BB0B-E059-4773-83DC-728A949647DA}.Debug|x86.Build.0 = Debug|Win32
		{AF59BB0B-E059-4773-83DC-728A949647DA}.Release|x64.ActiveCfg = Debug|x64
		{AF59BB0B-E059-4773-83DC-728A949647DA}.Release|x64.Build.0 = Debug|x64
		{AF59BB0B-E059-4773-83DC-728A949647DA}.Release|x86.ActiveCfg = Release|Win32
		{AF59BB0B-E059-4773-83DC-728A949647DA}.Release|x86.Build.0 = Release|Win32
		{7B89CCD3-3C7E-4BC0-975C-2D558EEC3AD4}.Debug|x64.ActiveCfg = Debug|Win32
		{7B89CCD3-3C7E-4BC0-975C-2D558EEC3AD4}.Debug|x86.ActiveCfg = Debug|Win32
		{7B89CCD3-3C7E-4BC0-975C-2D558EEC3AD4}.Debug|x86.Build.0 = Debug|Win32
		{7B89CCD3-3C7E-4BC0-975C-2D558EEC3AD4}.Release|x64.ActiveCfg = Debug|Win32
		{7B89CCD3-3C7E-4BC0-975C-2D558EEC3AD4}.Release|x86.ActiveCfg = Release|Win32
		{7B89CCD3-3C7E-4BC0-975C-2D558EEC3AD4}.Release|x86.Build.0 = Release|Win32
		{7D0549B9-95F3-4D0C-AAE0-87071A6D5C3E}.Debug|x64.ActiveCfg = Debug|x64
		{7D0549B9-95F3-4D0C-AAE0-87071A6D5C3E}.Debug|x64.Build.0 = Debug|x64
		{7D0549B9-95F3-4D0C-AAE0-87071A6D5C3E}.Debug|x86.ActiveCfg = Debug|Win32
		{7D0549B9-95F3-4D0C-AAE0-87071A6D5C3E}.Debug|x86.Build.0 = Debug|Win32
		{7D0549B9-95F3-4D0C-AAE0-87071A6D5C3E}.Release|x64.ActiveCfg = Debug|x64
		{7D0549B9-95F3-4D0C-AAE0-87071A6D5C3E}.Release|x64.Build.0 = Debug|x64
		{7D0549B9-95F3-4D0C-AAE0-87071A6D5C3E}.Release|x86.ActiveCfg = Release|Win32
		{7D0549B9-95F3-4D0C-AAE0-87071A6D5C3E}.Release|x86.Build.0 = Release|Win32
		{FD152ADA-769B-4175-A6E4-92F35859F104}.Debug|x64.ActiveCfg = Debug|x64
		{FD152ADA-769B-4175-A6E4-92F35859F104}.Debug|x64.Build.0 = Debug|x64
		{FD152ADA-769B-4175-A6E4-92F35859F104}.Debug|x86.ActiveCfg = Debug|Win32
		{FD152ADA-769B-4175-A6E4-92F35859F104}.Debug|x86.Build.0 = Debug|Win32
		{FD152ADA-769B-4175-A6E4-92F35859F104}.Release|x64.ActiveCfg = Release|x64
		{FD152ADA-769B-4175-A6E4-92F35859F104}.Release|x64.Build.0 = Release|x64
		{FD152ADA-769B-4175-A6E4-92F35859F104}.Release|x86.ActiveCfg = Release|Win32
		{FD152ADA-769B-4175-A6E4-92F35859F104}.Release|x86.Build.0 = Release|Win32
		{910F3B76-F31B-4993-A301-74E437BA075C}.Debug|x64.ActiveCfg = Debug|x64
		{910F3B76-F31B-4993-A301-74E437BA075C}.Debug|x64.Build.0 = Debug|x64
		{910F3B76-F31B-4993-A301-74E437BA075C}.Debug|x86.ActiveCfg = Debug|Win32
		{910F3B76-F31B-4993-A301-74E437BA075C}.Debug|x86.Build.0 = Debug|Win32
		{910F3B76-F31B-4993-A301-74E437BA075C}.Release|x64.ActiveCfg = Release|x64
		{910F3B76-F31B-4993-A301-74E437BA075C}.Release|x64.Build.0 = Release|x64
		{910F3B76-F31B-4993-A301-74E437BA075C}.Release|x86.ActiveCfg = Release|Win32
		{910F3B76-F31B-4993-A301-74E437BA075C}.Release|x86.Build.0 = Release|Win32
	EndGlobalSection
	GlobalSection(SolutionProperties) = preSolution
		HideSolutionNode = FALSE
	EndGlobalSection
	GlobalSection(ExtensibilityGlobals) = postSolution
		SolutionGuid = {419A4F93-DABF-435D-AC39-475D45641760}
	EndGlobalSection
EndGlobal
